version = 1
revision = 3
requires-python = ">=3.14"

[[package]]
name = "anyio"
version = "4.12.1"
source = { registry = "https://pypi.org/simple" }
dependencies = [
    { name = "idna" },
]
sdist = { url = "https://files.pythonhosted.org/packages/96/f0/5eb65b2bb0d09ac6776f2eb54adee6abe8228ea05b20a5ad0e4945de8aac/anyio-4.12.1.tar.gz", hash = "sha256:41cfcc3a4c85d3f05c932da7c26d0201ac36f72abd4435ba90d0464a3ffed703", size = 228685, upload-time = "2026-01-06T11:45:21.246Z" }
wheels = [
    { url = "https://files.pythonhosted.org/packages/38/0e/27be9fdef66e72d64c0cdc3cc2823101b80585f8119b5c112c2e8f5f7dab/anyio-4.12.1-py3-none-any.whl", hash = "sha256:d405828884fc140aa80a3c667b8beed277f1dfedec42ba031bd6ac3db606ab6c", size = 113592, upload-time = "2026-01-06T11:45:19.497Z" },
]

[[package]]
name = "click"
version = "8.3.1"
source = { registry = "https://pypi.org/simple" }
dependencies = [
    { name = "colorama", marker = "sys_platform == 'win32'" },
]
sdist = { url = "https://files.pythonhosted.org/packages/3d/fa/656b739db8587d7b5dfa22e22ed02566950fbfbcdc20311993483657a5c0/click-8.3.1.tar.gz", hash = "sha256:12ff4785d337a1bb490bb7e9c2b1ee5da3112e94a8622f26a6c77f5d2fc6842a", size = 295065, upload-time = "2025-11-15T20:45:42.706Z" }
wheels = [
    { url = "https://files.pythonhosted.org/packages/98/78/01c019cdb5d6498122777c1a43056ebb3ebfeef2076d9d026bfe15583b2b/click-8.3.1-py3-none-any.whl", hash = "sha256:981153a64e25f12d547d3426c367a4857371575ee7ad18df2a6183ab0545b2a6", size = 108274, upload-time = "2025-11-15T20:45:41.139Z" },
]

[[package]]
name = "colorama"
version = "0.4.6"
source = { registry = "https://pypi.org/simple" }
sdist = { url = "https://files.pythonhosted.org/packages/d8/53/6f443c9a4a8358a93a6792e2acffb9d9d5cb0a5cfd8802644b7b1c9a02e4/colorama-0.4.6.tar.gz", hash = "sha256:08695f5cb7ed6e0531a20572697297273c47b8cae5a63ffc6d6ed5c201be6e44", size = 27697, upload-time = "2022-10-25T02:36:22.414Z" }
wheels = [
    { url = "https://files.pythonhosted.org/packages/d1/d6/3965ed04c63042e047cb6a3e6ed1a63a35087b6a609aa3a15ed8ac56c221/colorama-0.4.6-py2.py3-none-any.whl", hash = "sha256:4f1d9991f5acc0ca119f9d443620b77f9d6b33703e51011c16baf57afb285fc6", size = 25335, upload-time = "2022-10-25T02:36:20.889Z" },
]

[[package]]
name = "granian"
version = "2.7.2"
source = { registry = "https://pypi.org/simple" }
dependencies = [
    { name = "click" },
]
sdist = { url = "https://files.pythonhosted.org/packages/57/19/d4ea523715ba8dd2ed295932cc3dda6bb197060f78aada6e886ff08587b2/granian-2.7.2.tar.gz", hash = "sha256:cdae2f3a26fa998d41fefad58f1d1c84a0b035a6cc9377addd81b51ba82f927f", size = 128969, upload-time = "2026-02-24T23:04:23.314Z" }
wheels = [
    { url = "https://files.pythonhosted.org/packages/69/4a/8ce622f4f7d58e035d121b9957dd5a8929028dc99cfc5d2bf7f2aa28912c/granian-2.7.2-cp314-cp314-macosx_10_12_x86_64.whl", hash = "sha256:592806c28c491f9c1d1501bac706ecf5e72b73969f20f912678d53308786d658", size = 6442041, upload-time = "2026-02-24T23:03:30.986Z" },
    { url = "https://files.pythonhosted.org/packages/27/62/7d36ed38a40a68c2856b6d2a6fedd40833e7f82eb90ba0d03f2d69ffadf5/granian-2.7.2-cp314-cp314-macosx_11_0_arm64.whl", hash = "sha256:c9dcde3968b921654bde999468e97d03031f28668bc1fc145c81d8bedb0fb2a4", size = 6100793, upload-time = "2026-02-24T23:03:32.734Z" },
    { url = "https://files.pythonhosted.org/packages/b4/c5/17fea68f4cb280c217cbd65534664722c9c9b0138c2754e20c235d70b5f4/granian-2.7.2-cp314-cp314-manylinux_2_17_armv7l.manylinux2014_armv7l.whl", hash = "sha256:6d4d78408283ec51f0fb00557856b4593947ad5b48287c04e1c22764a0ac28a5", size = 7119810, upload-time = "2026-02-24T23:03:34.807Z" },
    { url = "https://files.pythonhosted.org/packages/0a/76/35e240d107e0f158662652fd61191de4fb0c2c080e3786ca8f16c71547b7/granian-2.7.2-cp314-cp314-manylinux_2_17_i686.manylinux2014_i686.whl", hash = "sha256:66d28b078e8087f794b83822055f95caf93d83b23f47f4efcd5e2f0f7a5d8a81", size = 6450789, upload-time = "2026-02-24T23:03:36.81Z" },
    { url = "https://files.pythonhosted.org/packages/4c/55/a6d08cfecc808149a910e51c57883ab26fad69d922dc2e76fb2d87469e2d/granian-2.7.2-cp314-cp314-manylinux_2_17_x86_64.manylinux2014_x86_64.whl", hash = "sha256:4ff7a93123ab339ba6cad51cc7141f8880ec47b152ce2491595bb08edda20106", size = 6902672, upload-time = "2026-02-24T23:03:38.655Z" },
    { url = "https://files.pythonhosted.org/packages/98/2e/c86d95f324248fcc5dcaf034c9f688b32f7a488f0b2a4a25e6673776107f/granian-2.7.2-cp314-cp314-manylinux_2_28_aarch64.whl", hash = "sha256:a52effb9889f0944f0353afd6ce5a9d9aa83826d44bbf3c8013e978a3d6ef7b7", size = 6964399, upload-time = "2026-02-24T23:03:40.459Z" },
    { url = "https://files.pythonhosted.org/packages/37/4b/44fde33fe10245a3fba76bf843c387fad2d548244345115b9d87e1c40994/granian-2.7.2-cp314-cp314-musllinux_1_1_aarch64.whl", hash = "sha256:76c987c3ca78bf7666ab053c3ed7e3af405af91b2e5ce2f1cf92634c1581e238", size = 7034929, upload-time = "2026-02-24T23:03:42.149Z" },
    { url = "https://files.pythonhosted.org/packages/90/76/38d205cb527046241a9ee4f51048bf44101c626ad4d2af16dd9d14dc1db6/granian-2.7.2-cp314-cp314-musllinux_1_1_armv7l.whl", hash = "sha256:6590f8092c2bb6614e561ba771f084cbf72ecbc38dbf9849762ac38718085c29", size = 7259609, upload-time = "2026-02-24T23:03:43.852Z" },
    { url = "https://files.pythonhosted.org/packages/00/37/04245c7259e65f1083ce193875c6c44da4c98604d3b00a264a74dd4f042b/granian-2.7.2-cp314-cp314-musllinux_1_1_x86_64.whl", hash = "sha256:7c1ce9b0c9446b680e9545e7fc95a75f0c53a25dedcf924b1750c3e5ba5bf908", size = 7073161, upload-time = "2026-02-24T23:03:45.655Z" },
    { url = "https://files.pythonhosted.org/packages/23/e4/28097a852d8f93f8e3be2014a81f03aa914b8a2c12ca761fac5ae1344b8b/granian-2.7.2-cp314-cp314-win_amd64.whl", hash = "sha256:a69cafb6518c630c84a9285674d45ea6f7342a6279dc25c6bd933b6fad5c55ab", size = 4121462, upload-time = "2026-02-24T23:03:47.322Z" },
    { url = "https://files.pythonhosted.org/packages/cc/07/0e56fb4f178e14b4c1fa1f6f00586ca81761ccbe2d8803f2c12b6b17a7d6/granian-2.7.2-cp314-cp314t-macosx_10_12_x86_64.whl", hash = "sha256:a698d9b662d5648c8ae3dc01ad01688e1a8afc3525e431e7cddb841c53e5e291", size = 6415279, upload-time = "2026-02-24T23:03:48.932Z" },
    { url = "https://files.pythonhosted.org/packages/27/bc/3e69305bf34806cd852f4683deec844a2cb9a4d8888d7f172b507f6080a8/granian-2.7.2-cp314-cp314t-macosx_11_0_arm64.whl", hash = "sha256:17516095b520b3c039ddbe41a6beb2c59d554b668cc229d36d82c93154a799af", size = 6090528, upload-time = "2026-02-24T23:03:50.52Z" },
    { url = "https://files.pythonhosted.org/packages/ec/10/7d58a922b44417a6207c0a3230b0841cd7385a36fc518ac15fed16ebf6f7/granian-2.7.2-cp314-cp314t-manylinux_2_12_i686.manylinux2010_i686.whl", hash = "sha256:96b0fd9eac60f939b3cbe44c8f32a42fdb7c1a1a9e07ca89e7795cdc7a606beb", size = 6252291, upload-time = "2026-02-24T23:03:52.248Z" },
    { url = "https://files.pythonhosted.org/packages/54/56/65776c6d759dcef9cce15bc11bdea2c64fe668088faf35d87916bd88f595/granian-2.7.2-cp314-cp314t-manylinux_2_17_armv7l.manylinux2014_armv7l.whl", hash = "sha256:e50fb13e053384b8bd3823d4967606c6fd89f2b0d20e64de3ae212b85ffdfed2", size = 7106748, upload-time = "2026-02-24T23:03:53.994Z" },
    { url = "https://files.pythonhosted.org/packages/81/ee/d9ed836316607401f158ac264a3f770469d1b1edbf119402777a9eff1833/granian-2.7.2-cp314-cp314t-manylinux_2_17_x86_64.manylinux2014_x86_64.whl", hash = "sha256:9bb1ef13125bc05ab2e18869ed311beaeb085a4c4c195d55d0865f5753a4c0b4", size = 6778883, upload-time = "2026-02-24T23:03:55.574Z" },
    { url = "https://files.pythonhosted.org/packages/a1/46/eabab80e07a14527c336dec6d902329399f3ba2b82dc94b6435651021359/granian-2.7.2-cp314-cp314t-manylinux_2_28_aarch64.whl", hash = "sha256:b1c77189335070c6ba6b8d158518fde4c50f892753620f0b22a7552ad4347143", size = 6903426, upload-time = "2026-02-24T23:03:57.296Z" },
    { url = "https://files.pythonhosted.org/packages/24/8a/8ce186826066f6d453316229383a5be3b0b8a4130146c21f321ee64fe2cb/granian-2.7.2-cp314-cp314t-musllinux_1_1_aarch64.whl", hash = "sha256:1777166c3c853eed4440adb3cbbf34bba2b77d595bfc143a5826904a80b22f34", size = 7083877, upload-time = "2026-02-24T23:03:59.425Z" },
    { url = "https://files.pythonhosted.org/packages/cf/eb/91ed4646ce1c920ad39db0bcddb6f4755e1823002b14fb026104e3eb8bce/granian-2.7.2-cp314-cp314t-musllinux_1_1_armv7l.whl", hash = "sha256:0ffac19208ae548f3647c849579b803beaed2b50dfb0f3790ad26daac0033484", size = 7267282, upload-time = "2026-02-24T23:04:01.218Z" },
    { url = "https://files.pythonhosted.org/packages/49/2f/58cba479254530ab09132e150e4ab55362f6e875d9e82b6790477843e0aa/granian-2.7.2-cp314-cp314t-musllinux_1_1_x86_64.whl", hash = "sha256:82f34e78c1297bf5a1b6a5097e30428db98b59fce60a7387977b794855c0c3bc", size = 7054941, upload-time = "2026-02-24T23:04:03.211Z" },
    { url = "https://files.pythonhosted.org/packages/29/b3/fd13123ac936a4f79f1ba20ad67328a8d09d586262b8f28cc1cfaa555213/granian-2.7.2-cp314-cp314t-win_amd64.whl", hash = "sha256:e8b87d7ada696eec7e9023974665c83cec978cb83c205eae8fe377de20622f25", size = 4101983, upload-time = "2026-02-24T23:04:04.792Z" },
]

[[package]]
name = "h11"
version = "0.16.0"
source = { registry = "https://pypi.org/simple" }
sdist = { url = "https://files.pythonhosted.org/packages/01/ee/02a2c011bdab74c6fb3c75474d40b3052059d95df7e73351460c8588d963/h11-0.16.0.tar.gz", hash = "sha256:4e35b956cf45792e4caa5885e69fba00bdbc6ffafbfa020300e549b208ee5ff1", size = 101250, upload-time = "2025-04-24T03:35:25.427Z" }
wheels = [
    { url = "https://files.pythonhosted.org/packages/04/4b/29cac41a4d98d144bf5f6d33995617b185d14b22401f75ca86f384e87ff1/h11-0.16.0-py3-none-any.whl", hash = "sha256:63cf8bbe7522de3bf65932fda1d9c2772064ffb3dae62d55932da54b31cb6c86", size = 37515, upload-time = "2025-04-24T03:35:24.344Z" },
]

[[package]]
name = "idna"
version = "3.11"
source = { registry = "https://pypi.org/simple" }
sdist = { url = "https://files.pythonhosted.org/packages/6f/6d/0703ccc57f3a7233505399edb88de3cbd678da106337b9fcde432b65ed60/idna-3.11.tar.gz", hash = "sha256:795dafcc9c04ed0c1fb032c2aa73654d8e8c5023a7df64a53f39190ada629902", size = 194582, upload-time = "2025-10-12T14:55:20.501Z" }
wheels = [
    { url = "https://files.pythonhosted.org/packages/0e/61/66938bbb5fc52dbdf84594873d5b51fb1f7c7794e9c0f5bd885f30bc507b/idna-3.11-py3-none-any.whl", hash = "sha256:771a87f49d9defaf64091e6e6fe9c18d4833f140bd19464795bc32d966ca37ea", size = 71008, upload-time = "2025-10-12T14:55:18.883Z" },
]

[[package]]
name = "iniconfig"
version = "2.3.0"
source = { registry = "https://pypi.org/simple" }
sdist = { url = "https://files.pythonhosted.org/packages/72/34/14ca021ce8e5dfedc35312d08ba8bf51fdd999c576889fc2c24cb97f4f10/iniconfig-2.3.0.tar.gz", hash = "sha256:c76315c77db068650d49c5b56314774a7804df16fee4402c1f19d6d15d8c4730", size = 20503, upload-time = "2025-10-18T21:55:43.219Z" }
wheels = [
    { url = "https://files.pythonhosted.org/packages/cb/b1/3846dd7f199d53cb17f49cba7e651e9ce294d8497c8c150530ed11865bb8/iniconfig-2.3.0-py3-none-any.whl", hash = "sha256:f631c04d2c48c52b84d0d0549c99ff3859c98df65b3101406327ecc7d53fbf12", size = 7484, upload-time = "2025-10-18T21:55:41.639Z" },
]

[[package]]
name = "orjson"
version = "3.11.7"
source = { registry = "https://pypi.org/simple" }
sdist = { url = "https://files.pythonhosted.org/packages/53/45/b268004f745ede84e5798b48ee12b05129d19235d0e15267aa57dcdb400b/orjson-3.11.7.tar.gz", hash = "sha256:9b1a67243945819ce55d24a30b59d6a168e86220452d2c96f4d1f093e71c0c49", size = 6144992, upload-time = "2026-02-02T15:38:49.29Z" }
wheels = [
    { url = "https://files.pythonhosted.org/packages/e9/1e/745565dca749813db9a093c5ebc4bac1a9475c64d54b95654336ac3ed961/orjson-3.11.7-cp314-cp314-macosx_10_15_x86_64.macosx_11_0_arm64.macosx_10_15_universal2.whl", hash = "sha256:de0a37f21d0d364954ad5de1970491d7fbd0fb1ef7417d4d56a36dc01ba0c0a0", size = 228391, upload-time = "2026-02-02T15:38:27.757Z" },
    { url = "https://files.pythonhosted.org/packages/46/19/e40f6225da4d3aa0c8dc6e5219c5e87c2063a560fe0d72a88deb59776794/orjson-3.11.7-cp314-cp314-macosx_15_0_arm64.whl", hash = "sha256:c2428d358d85e8da9d37cba18b8c4047c55222007a84f97156a5b22028dfbfc0", size = 125188, upload-time = "2026-02-02T15:38:29.241Z" },
    { url = "https://files.pythonhosted.org/packages/9d/7e/c4de2babef2c0817fd1f048fd176aa48c37bec8aef53d2fa932983032cce/orjson-3.11.7-cp314-cp314-manylinux_2_17_aarch64.manylinux2014_aarch64.whl", hash = "sha256:3c4bc6c6ac52cdaa267552544c73e486fecbd710b7ac09bc024d5a78555a22f6", size = 128097, upload-time = "2026-02-02T15:38:30.618Z" },
    { url = "https://files.pythonhosted.org/packages/eb/74/233d360632bafd2197f217eee7fb9c9d0229eac0c18128aee5b35b0014fe/orjson-3.11.7-cp314-cp314-manylinux_2_17_armv7l.manylinux2014_armv7l.whl", hash = "sha256:bd0d68edd7dfca1b2eca9361a44ac9f24b078de3481003159929a0573f21a6bf", size = 123364, upload-time = "2026-02-02T15:38:32.363Z" },
    { url = "https://files.pythonhosted.org/packages/79/51/af79504981dd31efe20a9e360eb49c15f06df2b40e7f25a0a52d9ae888e8/orjson-3.11.7-cp314-cp314-manylinux_2_17_i686.manylinux2014_i686.whl", hash = "sha256:623ad1b9548ef63886319c16fa317848e465a21513b31a6ad7b57443c3e0dcf5", size = 129076, upload-time = "2026-02-02T15:38:33.68Z" },
    { url = "https://files.pythonhosted.org/packages/67/e2/da898eb68b72304f8de05ca6715870d09d603ee98d30a27e8a9629abc64b/orjson-3.11.7-cp314-cp314-manylinux_2_17_ppc64le.manylinux2014_ppc64le.whl", hash = "sha256:6e776b998ac37c0396093d10290e60283f59cfe0fc3fccbd0ccc4bd04dd19892", size = 141705, upload-time = "2026-02-02T15:38:34.989Z" },
    { url = "https://files.pythonhosted.org/packages/c5/89/15364d92acb3d903b029e28d834edb8780c2b97404cbf7929aa6b9abdb24/orjson-3.11.7-cp314-cp314-manylinux_2_17_s390x.manylinux2014_s390x.whl", hash = "sha256:652c6c3af76716f4a9c290371ba2e390ede06f6603edb277b481daf37f6f464e", size = 130855, upload-time = "2026-02-02T15:38:36.379Z" },
    { url = "https://files.pythonhosted.org/packages/c2/8b/ecdad52d0b38d4b8f514be603e69ccd5eacf4e7241f972e37e79792212ec/orjson-3.11.7-cp314-cp314-manylinux_2_17_x86_64.manylinux2014_x86_64.whl", hash = "sha256:a56df3239294ea5964adf074c54bcc4f0ccd21636049a2cf3ca9cf03b5d03cf1", size = 133386, upload-time = "2026-02-02T15:38:37.704Z" },
    { url = "https://files.pythonhosted.org/packages/b9/0e/45e1dcf10e17d0924b7c9162f87ec7b4ca79e28a0548acf6a71788d3e108/orjson-3.11.7-cp314-cp314-musllinux_1_2_aarch64.whl", hash = "sha256:bda117c4148e81f746655d5a3239ae9bd00cb7bc3ca178b5fc5a5997e9744183", size = 138295, upload-time = "2026-02-02T15:38:39.096Z" },
    { url = "https://files.pythonhosted.org/packages/63/d7/4d2e8b03561257af0450f2845b91fbd111d7e526ccdf737267108075e0ba/orjson-3.11.7-cp314-cp314-musllinux_1_2_armv7l.whl", hash = "sha256:23d6c20517a97a9daf1d48b580fcdc6f0516c6f4b5038823426033690b4d2650", size = 408720, upload-time = "2026-02-02T15:38:40.634Z" },
    { url = "https://files.pythonhosted.org/packages/78/cf/d45343518282108b29c12a65892445fc51f9319dc3c552ceb51bb5905ed2/orjson-3.11.7-cp314-cp314-musllinux_1_2_i686.whl", hash = "sha256:8ff206156006da5b847c9304b6308a01e8cdbc8cce824e2779a5ba71c3def141", size = 144152, upload-time = "2026-02-02T15:38:42.262Z" },
    { url = "https://files.pythonhosted.org/packages/a9/3a/d6001f51a7275aacd342e77b735c71fa04125a3f93c36fee4526bc8c654e/orjson-3.11.7-cp314-cp314-musllinux_1_2_x86_64.whl", hash = "sha256:962d046ee1765f74a1da723f4b33e3b228fe3a48bd307acce5021dfefe0e29b2", size = 134814, upload-time = "2026-02-02T15:38:43.627Z" },
    { url = "https://files.pythonhosted.org/packages/1d/d3/f19b47ce16820cc2c480f7f1723e17f6d411b3a295c60c8ad3aa9ff1c96a/orjson-3.11.7-cp314-cp314-win32.whl", hash = "sha256:89e13dd3f89f1c38a9c9eba5fbf7cdc2d1feca82f5f290864b4b7a6aac704576", size = 127997, upload-time = "2026-02-02T15:38:45.06Z" },
    { url = "https://files.pythonhosted.org/packages/12/df/172771902943af54bf661a8d102bdf2e7f932127968080632bda6054b62c/orjson-3.11.7-cp314-cp314-win_amd64.whl", hash = "sha256:845c3e0d8ded9c9271cd79596b9b552448b885b97110f628fb687aee2eed11c1", size = 124985, upload-time = "2026-02-02T15:38:46.388Z" },
    { url = "https://files.pythonhosted.org/packages/6f/1c/f2a8d8a1b17514660a614ce5f7aac74b934e69f5abc2700cc7ced882a009/orjson-3.11.7-cp314-cp314-win_arm64.whl", hash = "sha256:4a2e9c5be347b937a2e0203866f12bba36082e89b402ddb9e927d5822e43088d", size = 126038, upload-time = "2026-02-02T15:38:47.703Z" },
]

[[package]]
name = "packaging"
version = "26.0"
source = { registry = "https://pypi.org/simple" }
sdist = { url = "https://files.pythonhosted.org/packages/65/ee/299d360cdc32edc7d2cf530f3accf79c4fca01e96ffc950d8a52213bd8e4/packaging-26.0.tar.gz", hash = "sha256:00243ae351a257117b6a241061796684b084ed1c516a08c48a3f7e147a9d80b4", size = 143416, upload-time = "2026-01-21T20:50:39.064Z" }
wheels = [
    { url = "https://files.pythonhosted.org/packages/b7/b9/c538f279a4e237a006a2c98387d081e9eb060d203d8ed34467cc0f0b9b53/packaging-26.0-py3-none-any.whl", hash = "sha256:b36f1fef9334a5588b4166f8bcd26a14e521f2b55e6b9de3aaa80d3ff7a37529", size = 74366, upload-time = "2026-01-21T20:50:37.788Z" },
]

[[package]]
name = "pluggy"
version = "1.6.0"
source = { registry = "https://pypi.org/simple" }
sdist = { url = "https://files.pythonhosted.org/packages/f9/e2/3e91f31a7d2b083fe6ef3fa267035b518369d9511ffab804f839851d2779/pluggy-1.6.0.tar.gz", hash = "sha256:7dcc130b76258d33b90f61b658791dede3486c3e6bfb003ee5c9bfb396dd22f3", size = 69412, upload-time = "2025-05-15T12:30:07.975Z" }
wheels = [
    { url = "https://files.pythonhosted.org/packages/54/20/4d324d65cc6d9205fabedc306948156824eb9f0ee1633355a8f7ec5c66bf/pluggy-1.6.0-py3-none-any.whl", hash = "sha256:e920276dd6813095e9377c0bc5566d94c932c33b27a3e3945d8389c374dd4746", size = 20538, upload-time = "2025-05-15T12:30:06.134Z" },
]

[[package]]
name = "pygments"
version = "2.19.2"
source = { registry = "https://pypi.org/simple" }
sdist = { url = "https://files.pythonhosted.org/packages/b0/77/a5b8c569bf593b0140bde72ea885a803b82086995367bf2037de0159d924/pygments-2.19.2.tar.gz", hash = "sha256:636cb2477cec7f8952536970bc533bc43743542f70392ae026374600add5b887", size = 4968631, upload-time = "2025-06-21T13:39:12.283Z" }
wheels = [
    { url = "https://files.pythonhosted.org/packages/c7/21/705964c7812476f378728bdf590ca4b771ec72385c533964653c68e86bdc/pygments-2.19.2-py3-none-any.whl", hash = "sha256:86540386c03d588bb81d44bc3928634ff26449851e99741617ecb9037ee5ec0b", size = 1225217, upload-time = "2025-06-21T13:39:07.939Z" },
]

[[package]]
name = "pytest"
version = "9.0.3"
source = { registry = "https://pypi.org/simple" }
dependencies = [
    { name = "colorama", marker = "sys_platform == 'win32'" },
    { name = "iniconfig" },
    { name = "packaging" },
    { name = "pluggy" },
    { name = "pygments" },
]
sdist = { url = "https://files.pythonhosted.org/packages/7d/0d/549bd94f1a0a402dc8cf64563a117c0f3765662e2e668477624baeec44d5/pytest-9.0.3.tar.gz", hash = "sha256:b86ada508af81d19edeb213c681b1d48246c1a91d304c6c81a427674c17eb91c", size = 1572165, upload-time = "2026-04-07T17:16:18.027Z" }
wheels = [
    { url = "https://files.pythonhosted.org/packages/d4/24/a372aaf5c9b7208e7112038812994107bc65a84cd00e0354a88c2c77a617/pytest-9.0.3-py3-none-any.whl", hash = "sha256:2c5efc453d45394fdd706ade797c0a81091eccd1d6e4bccfcd476e2b8e0ab5d9", size = 375249, upload-time = "2026-04-07T17:16:16.13Z" },
]

[[package]]
name = "sevro"
version = "0.1.0"
source = { editable = "." }
dependencies = [
    { name = "anyio" },
    { name = "orjson" },
]

[package.dev-dependencies]
dev = [
    { name = "granian" },
    { name = "pytest" },
    { name = "uvicorn" },
    { name = "uvloop", marker = "sys_platform != 'win32'" },
    { name = "winloop", marker = "sys_platform == 'win32'" },
]

[package.metadata]
requires-dist = [
    { name = "anyio", specifier = ">=4.12.1" },
    { name = "orjson", specifier = ">=3.11.7" },
]

[package.metadata.requires-dev]
dev = [
    { name = "granian", specifier = ">=2.7.2" },
    { name = "pytest", specifier = ">=9.0.3" },
    { name = "uvicorn", specifier = ">=0.41.0" },
    { name = "uvloop", marker = "sys_platform != 'win32'", specifier = ">=0.19.0" },
    { name = "winloop", marker = "sys_platform == 'win32'", specifier = ">=0.5.0" },
]

[[package]]
name = "uvicorn"
version = "0.41.0"
source = { registry = "https://pypi.org/simple" }
dependencies = [
    { name = "click" },
    { name = "h11" },
]
sdist = { url = "https://files.pythonhosted.org/packages/32/ce/eeb58ae4ac36fe09e3842eb02e0eb676bf2c53ae062b98f1b2531673efdd/uvicorn-0.41.0.tar.gz", hash = "sha256:09d11cf7008da33113824ee5a1c6422d89fbc2ff476540d69a34c87fab8b571a", size = 82633, upload-time = "2026-02-16T23:07:24.1Z" }
wheels = [
    { url = "https://files.pythonhosted.org/packages/83/e4/d04a086285c20886c0daad0e026f250869201013d18f81d9ff5eada73a88/uvicorn-0.41.0-py3-none-any.whl", hash = "sha256:29e35b1d2c36a04b9e180d4007ede3bcb32a85fbdfd6c6aeb3f26839de088187", size = 68783, upload-time = "2026-02-16T23:07:22.357Z" },
]

[[package]]
name = "uvloop"
version = "0.22.1"
source = { registry = "https://pypi.org/simple" }
sdist = { url = "https://files.pythonhosted.org/packages/06/f0/18d39dbd1971d6d62c4629cc7fa67f74821b0dc1f5a77af43719de7936a7/uvloop-0.22.1.tar.gz", hash = "sha256:6c84bae345b9147082b17371e3dd5d42775bddce91f885499017f4607fdaf39f", size = 2443250, upload-time = "2025-10-16T22:17:19.342Z" }
wheels = [
    { url = "https://files.pythonhosted.org/packages/90/cd/b62bdeaa429758aee8de8b00ac0dd26593a9de93d302bff3d21439e9791d/uvloop-0.22.1-cp314-cp314-macosx_10_13_universal2.whl", hash = "sha256:3879b88423ec7e97cd4eba2a443aa26ed4e59b45e6b76aabf13fe2f27023a142", size = 1362067, upload-time = "2025-10-16T22:16:44.503Z" },
    { url = "https://files.pythonhosted.org/packages/0d/f8/a132124dfda0777e489ca86732e85e69afcd1ff7686647000050ba670689/uvloop-0.22.1-cp314-cp314-macosx_10_13_x86_64.whl", hash = "sha256:4baa86acedf1d62115c1dc6ad1e17134476688f08c6efd8a2ab076e815665c74", size = 752423, upload-time = "2025-10-16T22:16:45.968Z" },
    { url = "https://files.pythonhosted.org/packages/a3/94/94af78c156f88da4b3a733773ad5ba0b164393e357cc4bd0ab2e2677a7d6/uvloop-0.22.1-cp314-cp314-manylinux2014_aarch64.manylinux_2_17_aarch64.manylinux_2_28_aarch64.whl", hash = "sha256:297c27d8003520596236bdb2335e6b3f649480bd09e00d1e3a99144b691d2a35", size = 4272437, upload-time = "2025-10-16T22:16:47.451Z" },
    { url = "https://files.pythonhosted.org/packages/b5/35/60249e9fd07b32c665192cec7af29e06c7cd96fa1d08b84f012a56a0b38e/uvloop-0.22.1-cp314-cp314-manylinux2014_x86_64.manylinux_2_17_x86_64.manylinux_2_28_x86_64.whl", hash = "sha256:c1955d5a1dd43198244d47664a5858082a3239766a839b2102a269aaff7a4e25", size = 4292101, upload-time = "2025-10-16T22:16:49.318Z" },
    { url = "https://files.pythonhosted.org/packages/02/62/67d382dfcb25d0a98ce73c11ed1a6fba5037a1a1d533dcbb7cab033a2636/uvloop-0.22.1-cp314-cp314-musllinux_1_2_aarch64.whl", hash = "sha256:b31dc2fccbd42adc73bc4e7cdbae4fc5086cf378979e53ca5d0301838c5682c6", size = 4114158, upload-time = "2025-10-16T22:16:50.517Z" },
    { url = "https://files.pythonhosted.org/packages/f0/7a/f1171b4a882a5d13c8b7576f348acfe6074d72eaf52cccef752f748d4a9f/uvloop-0.22.1-cp314-cp314-musllinux_1_2_x86_64.whl", hash = "sha256:93f617675b2d03af4e72a5333ef89450dfaa5321303ede6e67ba9c9d26878079", size = 4177360, upload-time = "2025-10-16T22:16:52.646Z" },
    { url = "https://files.pythonhosted.org/packages/79/7b/b01414f31546caf0919da80ad57cbfe24c56b151d12af68cee1b04922ca8/uvloop-0.22.1-cp314-cp314t-macosx_10_13_universal2.whl", hash = "sha256:37554f70528f60cad66945b885eb01f1bb514f132d92b6eeed1c90fd54ed6289", size = 1454790, upload-time = "2025-10-16T22:16:54.355Z" },
    { url = "https://files.pythonhosted.org/packages/d4/31/0bb232318dd838cad3fa8fb0c68c8b40e1145b32025581975e18b11fab40/uvloop-0.22.1-cp314-cp314t-macosx_10_13_x86_64.whl", hash = "sha256:b76324e2dc033a0b2f435f33eb88ff9913c156ef78e153fb210e03c13da746b3", size = 796783, upload-time = "2025-10-16T22:16:55.906Z" },
    { url = "https://files.pythonhosted.org/packages/42/38/c9b09f3271a7a723a5de69f8e237ab8e7803183131bc57c890db0b6bb872/uvloop-0.22.1-cp314-cp314t-manylinux2014_aarch64.manylinux_2_17_aarch64.manylinux_2_28_aarch64.whl", hash = "sha256:badb4d8e58ee08dad957002027830d5c3b06aea446a6a3744483c2b3b745345c", size = 4647548, upload-time = "2025-10-16T22:16:57.008Z" },
    { url = "https://files.pythonhosted.org/packages/c1/37/945b4ca0ac27e3dc4952642d4c900edd030b3da6c9634875af6e13ae80e5/uvloop-0.22.1-cp314-cp314t-manylinux2014_x86_64.manylinux_2_17_x86_64.manylinux_2_28_x86_64.whl", hash = "sha256:b91328c72635f6f9e0282e4a57da7470c7350ab1c9f48546c0f2866205349d21", size = 4467065, upload-time = "2025-10-16T22:16:58.206Z" },
    { url = "https://files.pythonhosted.org/packages/97/cc/48d232f33d60e2e2e0b42f4e73455b146b76ebe216487e862700457fbf3c/uvloop-0.22.1-cp314-cp314t-musllinux_1_2_aarch64.whl", hash = "sha256:daf620c2995d193449393d6c62131b3fbd40a63bf7b307a1527856ace637fe88", size = 4328384, upload-time = "2025-10-16T22:16:59.36Z" },
    { url = "https://files.pythonhosted.org/packages/e4/16/c1fd27e9549f3c4baf1dc9c20c456cd2f822dbf8de9f463824b0c0357e06/uvloop-0.22.1-cp314-cp314t-musllinux_1_2_x86_64.whl", hash = "sha256:6cde23eeda1a25c75b2e07d39970f3374105d5eafbaab2a4482be82f272d5a5e", size = 4296730, upload-time = "2025-10-16T22:17:00.744Z" },
]

[[package]]
name = "winloop"
version = "0.5.0"
source = { registry = "https://pypi.org/simple" }
sdist = { url = "https://files.pythonhosted.org/packages/8d/eb/d6058bed9170c365f88a87aa433e6e08458a405a7b91f9c7e6dd6c10039e/winloop-0.5.0.tar.gz", hash = "sha256:4b3b6737172e144e87ecbf123474e54ddf750084d42f04e476bcd746fd138ff5", size = 2602624, upload-time = "2026-01-20T23:45:43.703Z" }
wheels = [
    { url = "https://files.pythonhosted.org/packages/4e/79/88b2c39ccbc24e27f9e94b17fc46fd088028a5a3b5547a1b64fc4e835fb9/winloop-0.5.0-cp314-cp314-win32.whl", hash = "sha256:579a934d7dc5c96750863d7ed443b7ce9b2e52a56fba5a79c828116fe156a7a2", size = 564033, upload-time = "2026-01-20T23:45:32.884Z" },
    { url = "https://files.pythonhosted.org/packages/a0/34/4153b536ed867b37ac26cc1b9ab3c295ffa098983938369668a5929d815e/winloop-0.5.0-cp314-cp314-win_amd64.whl", hash = "sha256:46ff4d4e373e0b65e5356ebfdeb24d4b5389f6198cc54ad0b5173eaf9f417e3a", size = 684048, upload-time = "2026-01-20T23:45:33.851Z" },
    { url = "https://files.pythonhosted.org/packages/f0/31/aeafc86e668d778726f2bb81383d5560cc9eaf2e87dfa5b5a519294b34b4/winloop-0.5.0-cp314-cp314-win_arm64.whl", hash = "sha256:dce3ac6e4ac19c9709d4406042c5281d0ed92d3407633f4dabfbab58d97f8d61", size = 570964, upload-time = "2026-01-20T23:45:34.905Z" },
    { url = "https://files.pythonhosted.org/packages/d6/3e/340cf1785a9dbe1c346c88f73bdbf358b2e85043501fd2bc2aa6c48c4ab7/winloop-0.5.0-cp314-cp314t-win32.whl", hash = "sha256:b71b429b67133e7ff51590f48c107243537afe5243ca7a20ccd5165f41d40855", size = 673064, upload-time = "2026-01-20T23:45:35.869Z" },
    { url = "https://files.pythonhosted.org/packages/a3/1c/4226c77f7ad39da224d09f5a11e8e1a2eb720c93ba908b41ce94f143dd20/winloop-0.5.0-cp314-cp314t-win_amd64.whl", hash = "sha256:49b079b4e510f666535f290b5f8a08db780f34c160589000a8feafd81bab1b88", size = 837061, upload-time = "2026-01-20T23:45:37.444Z" },
    { url = "https://files.pythonhosted.org/packages/ea/2e/dfe68657a9638f87a4078f9b31c9ed50abb89b261a6accc03572570db2d7/winloop-0.5.0-cp314-cp314t-win_arm64.whl", hash = "sha256:1d0fc16799bb15d5648955bc6bb1fdd4d2e62b733e0821468789aabeead82db2", size = 601514, upload-time = "2026-01-20T23:45:38.59Z" },
]
